// !$*UTF8*$!
{
	archiveVersion = 1;
	classes = {
	};
	objectVersion = 77;
	objects = {

/* Begin PBXBuildFile section */
		35239EFB2DF900DF0095472F /* FirebaseAuth in Frameworks */ = {isa = PBXBuildFile; productRef = 35239EFA2DF900DF0095472F /* FirebaseAuth */; };
		35239EFD2DF900DF0095472F /* FirebaseFirestore in Frameworks */ = {isa = PBXBuildFile; productRef = 35239EFC2DF900DF0095472F /* FirebaseFirestore */; };
/* End PBXBuildFile section */

/* Begin PBXContainerItemProxy section */
		35239ED22DF8EB600095472F /* PBXContainerItemProxy */ = {
			isa = PBXContainerItemProxy;
			containerPortal = 35239EBC2DF8EB5D0095472F /* Project object */;
			proxyType = 1;
			remoteGlobalIDString = 35239EC32DF8EB5D0095472F;
			remoteInfo = FlowerApp;
		};
		35239EDC2DF8EB600095472F /* PBXContainerItemProxy */ = {
			isa = PBXContainerItemProxy;
			containerPortal = 35239EBC2DF8EB5D0095472F /* Project object */;
			proxyType = 1;
			remoteGlobalIDString = 35239EC32DF8EB5D0095472F;
			remoteInfo = FlowerApp;
		};
/* End PBXContainerItemProxy section */

/* Begin PBXFileReference section */
		35239EC42DF8EB5D0095472F /* FlowerApp.app */ = {isa = PBXFileReference; explicitFileType = wrapper.application; includeInIndex = 0; path = FlowerApp.app; sourceTree = BUILT_PRODUCTS_DIR; };
		35239ED12DF8EB600095472F /* FlowerAppTests.xctest */ = {isa = PBXFileReference; explicitFileType = wrapper.cfbundle; includeInIndex = 0; path = FlowerAppTests.xctest; sourceTree = BUILT_PRODUCTS_DIR; };
		35239EDB2DF8EB600095472F /* FlowerAppUITests.xctest */ = {isa = PBXFileReference; explicitFileType = wrapper.cfbundle; includeInIndex = 0; path = FlowerAppUITests.xctest; sourceTree = BUILT_PRODUCTS_DIR; };
/* End PBXFileReference section */

/* Begin PBXFileSystemSynchronizedRootGroup section */
		35239EC62DF8EB5D0095472F /* FlowerApp */ = {
			isa = PBXFileSystemSynchronizedRootGroup;
			path = FlowerApp;
			sourceTree = "<group>";
		};
		35239ED42DF8EB600095472F /* FlowerAppTests */ = {
			isa = PBXFileSystemSynchronizedRootGroup;
			path = FlowerAppTests;
			sourceTree = "<group>";
		};
		35239EDE2DF8EB600095472F /* FlowerAppUITests */ = {
			isa = PBXFileSystemSynchronizedRootGroup;
			path = FlowerAppUITests;
			sourceTree = "<group>";
		};
/* End PBXFileSystemSynchronizedRootGroup section */

/* Begin PBXFrameworksBuildPhase section */
		35239EC12DF8EB5D0095472F /* Frameworks */ = {
			isa = PBXFrameworksBuildPhase;
			buildActionMask = 2147483647;
			files = (
				35239EFB2DF900DF0095472F /* FirebaseAuth in Frameworks */,
				35239EFD2DF900DF0095472F /* FirebaseFirestore in Frameworks */,
			);
			runOnlyForDeploymentPostprocessing = 0;
		};
		35239ECE2DF8EB600095472F /* Frameworks */ = {
			isa = PBXFrameworksBuildPhase;
			buildActionMask = 2147483647;
			files = (
			);
			runOnlyForDeploymentPostprocessing = 0;
		};
		35239ED82DF8EB600095472F /* Frameworks */ = {
			isa = PBXFrameworksBuildPhase;
			buildActionMask = 2147483647;
			files = (
			);
			runOnlyForDeploymentPostprocessing = 0;
		};
/* End PBXFrameworksBuildPhase section */

/* Begin PBXGroup section */
		35239EBB2DF8EB5D0095472F = {
			isa = PBXGroup;
			children = (
				35239EC62DF8EB5D0095472F /* FlowerApp */,
				35239ED42DF8EB600095472F /* FlowerAppTests */,
				35239EDE2DF8EB600095472F /* FlowerAppUITests */,
				35239EC52DF8EB5D0095472F /* Products */,
			);
			sourceTree = "<group>";
		};
		35239EC52DF8EB5D0095472F /* Products */ = {
			isa = PBXGroup;
			children = (
				35239EC42DF8EB5D0095472F /* FlowerApp.app */,
				35239ED12DF8EB600095472F /* FlowerAppTests.xctest */,
				35239EDB2DF8EB600095472F /* FlowerAppUITests.xctest */,
			);
			name = Products;
			sourceTree = "<group>";
		};
/* End PBXGroup section */

/* Begin PBXNativeTarget section */
		35239EC32DF8EB5D0095472F /* FlowerApp */ = {
			isa = PBXNativeTarget;
			buildConfigurationList = 35239EE52DF8EB600095472F /* Build configuration list for PBXNativeTarget "FlowerApp" */;
			buildPhases = (
				35239EC02DF8EB5D0095472F /* Sources */,
				35239EC12DF8EB5D0095472F /* Frameworks */,
				35239EC22DF8EB5D0095472F /* Resources */,
			);
			buildRules = (
			);
			dependencies = (
			);
			fileSystemSynchronizedGroups = (
				35239EC62DF8EB5D0095472F /* FlowerApp */,
			);
			name = FlowerApp;
			packageProductDependencies = (
				35239EFA2DF900DF0095472F /* FirebaseAuth */,
				35239EFC2DF900DF0095472F /* FirebaseFirestore */,
			);
			productName = FlowerApp;
			productReference = 35239EC42DF8EB5D0095472F /* FlowerApp.app */;
			productType = "com.apple.product-type.application";
		};
		35239ED02DF8EB600095472F /* FlowerAppTests */ = {
			isa = PBXNativeTarget;
			buildConfigurationList = 35239EE82DF8EB600095472F /* Build configuration list for PBXNativeTarget "FlowerAppTests" */;
			buildPhases = (
				35239ECD2DF8EB600095472F /* Sources */,
				35239ECE2DF8EB600095472F /* Frameworks */,
				35239ECF2DF8EB600095472F /* Resources */,
			);
			buildRules = (
			);
			dependencies = (
				35239ED32DF8EB600095472F /* PBXTargetDependency */,
			);
			fileSystemSynchronizedGroups = (
				35239ED42DF8EB600095472F /* FlowerAppTests */,
			);
			name = FlowerAppTests;
			packageProductDependencies = (
			);
			productName = FlowerAppTests;
			productReference = 35239ED12DF8EB600095472F /* FlowerAppTests.xctest */;
			productType = "com.apple.product-type.bundle.unit-test";
		};
		35239EDA2DF8EB600095472F /* FlowerAppUITests */ = {
			isa = PBXNativeTarget;
			buildConfigurationList = 35239EEB2DF8EB600095472F /* Build configuration list for PBXNativeTarget "FlowerAppUITests" */;
			buildPhases = (
				35239ED72DF8EB600095472F /* Sources */,
				35239ED82DF8EB600095472F /* Frameworks */,
				35239ED92DF8EB600095472F /* Resources */,
			);
			buildRules = (
			);
			dependencies = (
				35239EDD2DF8EB600095472F /* PBXTargetDependency */,
			);
			fileSystemSynchronizedGroups = (
				35239EDE2DF8EB600095472F /* FlowerAppUITests */,
			);
			name = FlowerAppUITests;
			packageProductDependencies = (
			);
			productName = FlowerAppUITests;
			productReference = 35239EDB2DF8EB600095472F /* FlowerAppUITests.xctest */;
			productType = "com.apple.product-type.bundle.ui-testing";
		};
/* End PBXNativeTarget section */

/* Begin PBXProject section */
		35239EBC2DF8EB5D0095472F /* Project object */ = {
			isa = PBXProject;
			attributes = {
				BuildIndependentTargetsInParallel = 1;
				LastSwiftUpdateCheck = 1640;
				LastUpgradeCheck = 1640;
				TargetAttributes = {
					35239EC32DF8EB5D0095472F = {
						CreatedOnToolsVersion = 16.4;
					};
					35239ED02DF8EB600095472F = {
						CreatedOnToolsVersion = 16.4;
						TestTargetID = 35239EC32DF8EB5D0095472F;
					};
					35239EDA2DF8EB600095472F = {
						CreatedOnToolsVersion = 16.4;
						TestTargetID = 35239EC32DF8EB5D0095472F;
					};
				};
			};
			buildConfigurationList = 35239EBF2DF8EB5D0095472F /* Build configuration list for PBXProject "FlowerApp" */;
			developmentRegion = en;
			hasScannedForEncodings = 0;
			knownRegions = (
				en,
				Base,
			);
			mainGroup = 35239EBB2DF8EB5D0095472F;
			minimizedProjectReferenceProxies = 1;
			packageReferences = (
				35239EF92DF900DF0095472F /* XCRemoteSwiftPackageReference "firebase-ios-sdk" */,
			);
			preferredProjectObjectVersion = 77;
			productRefGroup = 35239EC52DF8EB5D0095472F /* Products */;
			projectDirPath = "";
			projectRoot = "";
			targets = (
				35239EC32DF8EB5D0095472F /* FlowerApp */,
				35239ED02DF8EB600095472F /* FlowerAppTests */,
				35239EDA2DF8EB600095472F /* FlowerAppUITests */,
			);
		};
/* End PBXProject section */

/* Begin PBXResourcesBuildPhase section */
		35239EC22DF8EB5D0095472F /* Resources */ = {
			isa = PBXResourcesBuildPhase;
			buildActionMask = 2147483647;
			files = (
			);
			runOnlyForDeploymentPostprocessing = 0;
		};
		35239ECF2DF8EB600095472F /* Resources */ = {
			isa = PBXResourcesBuildPhase;
			buildActionMask = 2147483647;
			files = (
			);
			runOnlyForDeploymentPostprocessing = 0;
		};
		35239ED92DF8EB600095472F /* Resources */ = {
			isa = PBXResourcesBuildPhase;
			buildActionMask = 2147483647;
			files = (
			);
			runOnlyForDeploymentPostprocessing = 0;
		};
/* End PBXResourcesBuildPhase section */

/* Begin PBXSourcesBuildPhase section */
		35239EC02DF8EB5D0095472F /* Sources */ = {
			isa = PBXSourcesBuildPhase;
			buildActionMask = 2147483647;
			files = (
			);
			runOnlyForDeploymentPostprocessing = 0;
		};
		35239ECD2DF8EB600095472F /* Sources */ = {
			isa = PBXSourcesBuildPhase;
			buildActionMask = 2147483647;
			files = (
			);
			runOnlyForDeploymentPostprocessing = 0;
		};
		35239ED72DF8EB600095472F /* Sources */ = {
			isa = PBXSourcesBuildPhase;
			buildActionMask = 2147483647;
			files = (
			);
			runOnlyForDeploymentPostprocessing = 0;
		};
/* End PBXSourcesBuildPhase section */

/* Begin PBXTargetDependency section */
		35239ED32DF8EB600095472F /* PBXTargetDependency */ = {
			isa = PBXTargetDependency;
			target = 35239EC32DF8EB5D0095472F /* FlowerApp */;
			targetProxy = 35239ED22DF8EB600095472F /* PBXContainerItemProxy */;
		};
		35239EDD2DF8EB600095472F /* PBXTargetDependency */ = {
			isa = PBXTargetDependency;
			target = 35239EC32DF8EB5D0095472F /* FlowerApp */;
			targetProxy = 35239EDC2DF8EB600095472F /* PBXContainerItemProxy */;
		};
/* End PBXTargetDependency section */

/* Begin XCBuildConfiguration section */
		35239EE32DF8EB600095472F /* Debug */ = {
			isa = XCBuildConfiguration;
			buildSettings = {
				ALWAYS_SEARCH_USER_PATHS = NO;
				ASSETCATALOG_COMPILER_GENERATE_SWIFT_ASSET_SYMBOL_EXTENSIONS = YES;
				CLANG_ANALYZER_NONNULL = YES;
				CLANG_ANALYZER_NUMBER_OBJECT_CONVERSION = YES_AGGRESSIVE;
				CLANG_CXX_LANGUAGE_STANDARD = "gnu++20";
				CLANG_ENABLE_MODULES = YES;
				CLANG_ENABLE_OBJC_ARC = YES;
				CLANG_ENABLE_OBJC_WEAK = YES;
				CLANG_WARN_BLOCK_CAPTURE_AUTORELEASING = YES;
				CLANG_WARN_BOOL_CONVERSION = YES;
				CLANG_WARN_COMMA = YES;
				CLANG_WARN_CONSTANT_CONVERSION = YES;
				CLANG_WARN_DEPRECATED_OBJC_IMPLEMENTATIONS = YES;
				CLANG_WARN_DIRECT_OBJC_ISA_USAGE = YES_ERROR;
				CLANG_WARN_DOCUMENTATION_COMMENTS = YES;
				CLANG_WARN_EMPTY_BODY = YES;
				CLANG_WARN_ENUM_CONVERSION = YES;
				CLANG_WARN_INFINITE_RECURSION = YES;
				CLANG_WARN_INT_CONVERSION = YES;
				CLANG_WARN_NON_LITERAL_NULL_CONVERSION = YES;
				CLANG_WARN_OBJC_IMPLICIT_RETAIN_SELF = YES;
				CLANG_WARN_OBJC_LITERAL_CONVERSION = YES;
				CLANG_WARN_OBJC_ROOT_CLASS = YES_ERROR;
				CLANG_WARN_QUOTED_INCLUDE_IN_FRAMEWORK_HEADER = YES;
				CLANG_WARN_RANGE_LOOP_ANALYSIS = YES;
				CLANG_WARN_STRICT_PROTOTYPES = YES;
				CLANG_WARN_SUSPICIOUS_MOVE = YES;
				CLANG_WARN_UNGUARDED_AVAILABILITY = YES_AGGRESSIVE;
				CLANG_WARN_UNREACHABLE_CODE = YES;
				CLANG_WARN__DUPLICATE_METHOD_MATCH = YES;
				COPY_PHASE_STRIP = NO;
				DEBUG_INFORMATION_FORMAT = dwarf;
				ENABLE_STRICT_OBJC_MSGSEND = YES;
				ENABLE_TESTABILITY = YES;
				ENABLE_USER_SCRIPT_SANDBOXING = YES;
				GCC_C_LANGUAGE_STANDARD = gnu17;
				GCC_DYNAMIC_NO_PIC = NO;
				GCC_NO_COMMON_BLOCKS = YES;
				GCC_OPTIMIZATION_LEVEL = 0;
				GCC_PREPROCESSOR_DEFINITIONS = (
					"DEBUG=1",
					"$(inherited)",
				);
				GCC_WARN_64_TO_32_BIT_CONVERSION = YES;
				GCC_WARN_ABOUT_RETURN_TYPE = YES_ERROR;
				GCC_WARN_UNDECLARED_SELECTOR = YES;
				GCC_WARN_UNINITIALIZED_AUTOS = YES_AGGRESSIVE;
				GCC_WARN_UNUSED_FUNCTION = YES;
				GCC_WARN_UNUSED_VARIABLE = YES;
				IPHONEOS_DEPLOYMENT_TARGET = 18.5;
				LOCALIZATION_PREFERS_STRING_CATALOGS = YES;
				MTL_ENABLE_DEBUG_INFO = INCLUDE_SOURCE;
				MTL_FAST_MATH = YES;
				ONLY_ACTIVE_ARCH = YES;
				SDKROOT = iphoneos;
				SWIFT_ACTIVE_COMPILATION_CONDITIONS = "DEBUG $(inherited)";
				SWIFT_OPTIMIZATION_LEVEL = "-Onone";
			};
			name = Debug;
		};
		35239EE42DF8EB600095472F /* Release */ = {
			isa = XCBuildConfiguration;
			buildSettings = {
				ALWAYS_SEARCH_USER_PATHS = NO;
				ASSETCATALOG_COMPILER_GENERATE_SWIFT_ASSET_SYMBOL_EXTENSIONS = YES;
				CLANG_ANALYZER_NONNULL = YES;
				CLANG_ANALYZER_NUMBER_OBJECT_CONVERSION = YES_AGGRESSIVE;
				CLANG_CXX_LANGUAGE_STANDARD = "gnu++20";
				CLANG_ENABLE_MODULES = YES;
				CLANG_ENABLE_OBJC_ARC = YES;
				CLANG_ENABLE_OBJC_WEAK = YES;
				CLANG_WARN_BLOCK_CAPTURE_AUTORELEASING = YES;
				CLANG_WARN_BOOL_CONVERSION = YES;
				CLANG_WARN_COMMA = YES;
				CLANG_WARN_CONSTANT_CONVERSION = YES;
				CLANG_WARN_DEPRECATED_OBJC_IMPLEMENTATIONS = YES;
				CLANG_WARN_DIRECT_OBJC_ISA_USAGE = YES_ERROR;
				CLANG_WARN_DOCUMENTATION_COMMENTS = YES;
				CLANG_WARN_EMPTY_BODY = YES;
				CLANG_WARN_ENUM_CONVERSION = YES;
				CLANG_WARN_INFINITE_RECURSION = YES;
				CLANG_WARN_INT_CONVERSION = YES;
				CLANG_WARN_NON_LITERAL_NULL_CONVERSION = YES;
				CLANG_WARN_OBJC_IMPLICIT_RETAIN_SELF = YES;
				CLANG_WARN_OBJC_LITERAL_CONVERSION = YES;
				CLANG_WARN_OBJC_ROOT_CLASS = YES_ERROR;
				CLANG_WARN_QUOTED_INCLUDE_IN_FRAMEWORK_HEADER = YES;
				CLANG_WARN_RANGE_LOOP_ANALYSIS = YES;
				CLANG_WARN_STRICT_PROTOTYPES = YES;
				CLANG_WARN_SUSPICIOUS_MOVE = YES;
				CLANG_WARN_UNGUARDED_AVAILABILITY = YES_AGGRESSIVE;
				CLANG_WARN_UNREACHABLE_CODE = YES;
				CLANG_WARN__DUPLICATE_METHOD_MATCH = YES;
				COPY_PHASE_STRIP = NO;
				DEBUG_INFORMATION_FORMAT = "dwarf-with-dsym";
				ENABLE_NS_ASSERTIONS = NO;
				ENABLE_STRICT_OBJC_MSGSEND = YES;
				ENABLE_USER_SCRIPT_SANDBOXING = YES;
				GCC_C_LANGUAGE_STANDARD = gnu17;
				GCC_NO_COMMON_BLOCKS = YES;
				GCC_WARN_64_TO_32_BIT_CONVERSION = YES;
				GCC_WARN_ABOUT_RETURN_TYPE = YES_ERROR;
				GCC_WARN_UNDECLARED_SELECTOR = YES;
				GCC_WARN_UNINITIALIZED_AUTOS = YES_AGGRESSIVE;
				GCC_WARN_UNUSED_FUNCTION = YES;
				GCC_WARN_UNUSED_VARIABLE = YES;
				IPHONEOS_DEPLOYMENT_TARGET = 18.5;
				LOCALIZATION_PREFERS_STRING_CATALOGS = YES;
				MTL_ENABLE_DEBUG_INFO = NO;
				MTL_FAST_MATH = YES;
				SDKROOT = iphoneos;
				SWIFT_COMPILATION_MODE = wholemodule;
				VALIDATE_PRODUCT = YES;
			};
			name = Release;
		};
		35239EE62DF8EB600095472F /* Debug */ = {
			isa = XCBuildConfiguration;
			buildSettings = {
				ASSETCATALOG_COMPILER_APPICON_NAME = AppIcon;
				ASSETCATALOG_COMPILER_GLOBAL_ACCENT_COLOR_NAME = AccentColor;
				CODE_SIGN_STYLE = Automatic;
				CURRENT_PROJECT_VERSION = 1;
				ENABLE_PREVIEWS = YES;
				GENERATE_INFOPLIST_FILE = YES;
				INFOPLIST_KEY_CFBundleDisplayName = Flower;
				INFOPLIST_KEY_UIApplicationSceneManifest_Generation = YES;
				INFOPLIST_KEY_UIApplicationSupportsIndirectInputEvents = YES;
				INFOPLIST_KEY_UILaunchScreen_Generation = YES;
				INFOPLIST_KEY_UISupportedInterfaceOrientations = UIInterfaceOrientationPortrait;
				LD_RUNPATH_SEARCH_PATHS = (
					"$(inherited)",
					"@executable_path/Frameworks",
				);
				MARKETING_VERSION = 1.0;
				PRODUCT_BUNDLE_IDENTIFIER = shp5238.FlowerApp;
				PRODUCT_NAME = "$(TARGET_NAME)";
				SWIFT_EMIT_LOC_STRINGS = YES;
				SWIFT_VERSION = 5.0;
				TARGETED_DEVICE_FAMILY = "1,2";
			};
			name = Debug;
		};
		35239EE72DF8EB600095472F /* Release */ = {
			isa = XCBuildConfiguration;
			buildSettings = {
				ASSETCATALOG_COMPILER_APPICON_NAME = AppIcon;
				ASSETCATALOG_COMPILER_GLOBAL_ACCENT_COLOR_NAME = AccentColor;
				CODE_SIGN_STYLE = Automatic;
				CURRENT_PROJECT_VERSION = 1;
				ENABLE_PREVIEWS = YES;
				GENERATE_INFOPLIST_FILE = YES;
				INFOPLIST_KEY_CFBundleDisplayName = Flower;
				INFOPLIST_KEY_UIApplicationSceneManifest_Generation = YES;
				INFOPLIST_KEY_UIApplicationSupportsIndirectInputEvents = YES;
				INFOPLIST_KEY_UILaunchScreen_Generation = YES;
				INFOPLIST_KEY_UISupportedInterfaceOrientations = UIInterfaceOrientationPortrait;
				LD_RUNPATH_SEARCH_PATHS = (
					"$(inherited)",
					"@executable_path/Frameworks",
				);
				MARKETING_VERSION = 1.0;
				PRODUCT_BUNDLE_IDENTIFIER = shp5238.FlowerApp;
				PRODUCT_NAME = "$(TARGET_NAME)";
				SWIFT_EMIT_LOC_STRINGS = YES;
				SWIFT_VERSION = 5.0;
				TARGETED_DEVICE_FAMILY = "1,2";
			};
			name = Release;
		};
		35239EE92DF8EB600095472F /* Debug */ = {
			isa = XCBuildConfiguration;
			buildSettings = {
				BUNDLE_LOADER = "$(TEST_HOST)";
				CODE_SIGN_STYLE = Automatic;
				CURRENT_PROJECT_VERSION = 1;
				GENERATE_INFOPLIST_FILE = YES;
				IPHONEOS_DEPLOYMENT_TARGET = 18.5;
				MARKETING_VERSION = 1.0;
				PRODUCT_BUNDLE_IDENTIFIER = shp5238.FlowerAppTests;
				PRODUCT_NAME = "$(TARGET_NAME)";
				SWIFT_EMIT_LOC_STRINGS = NO;
				SWIFT_VERSION = 5.0;
				TARGETED_DEVICE_FAMILY = "1,2";
				TEST_HOST = "$(BUILT_PRODUCTS_DIR)/FlowerApp.app/$(BUNDLE_EXECUTABLE_FOLDER_PATH)/FlowerApp";
			};
			name = Debug;
		};
		35239EEA2DF8EB600095472F /* Release */ = {
			isa = XCBuildConfiguration;
			buildSettings = {
				BUNDLE_LOADER = "$(TEST_HOST)";
				CODE_SIGN_STYLE = Automatic;
				CURRENT_PROJECT_VERSION = 1;
				GENERATE_INFOPLIST_FILE = YES;
				IPHONEOS_DEPLOYMENT_TARGET = 18.5;
				MARKETING_VERSION = 1.0;
				PRODUCT_BUNDLE_IDENTIFIER = shp5238.FlowerAppTests;
				PRODUCT_NAME = "$(TARGET_NAME)";
				SWIFT_EMIT_LOC_STRINGS = NO;
				SWIFT_VERSION = 5.0;
				TARGETED_DEVICE_FAMILY = "1,2";
				TEST_HOST = "$(BUILT_PRODUCTS_DIR)/FlowerApp.app/$(BUNDLE_EXECUTABLE_FOLDER_PATH)/FlowerApp";
			};
			name = Release;
		};
		35239EEC2DF8EB600095472F /* Debug */ = {
			isa = XCBuildConfiguration;
			buildSettings = {
				CODE_SIGN_STYLE = Automatic;
				CURRENT_PROJECT_VERSION = 1;
				GENERATE_INFOPLIST_FILE = YES;
				MARKETING_VERSION = 1.0;
				PRODUCT_BUNDLE_IDENTIFIER = shp5238.FlowerAppUITests;
				PRODUCT_NAME = "$(TARGET_NAME)";
				SWIFT_EMIT_LOC_STRINGS = NO;
				SWIFT_VERSION = 5.0;
				TARGETED_DEVICE_FAMILY = "1,2";
				TEST_TARGET_NAME = FlowerApp;
			};
			name = Debug;
		};
		35239EED2DF8EB600095472F /* Release */ = {
			isa = XCBuildConfiguration;
			buildSettings = {
				CODE_SIGN_STYLE = Automatic;
				CURRENT_PROJECT_VERSION = 1;
				GENERATE_INFOPLIST_FILE = YES;
				MARKETING_VERSION = 1.0;
				PRODUCT_BUNDLE_IDENTIFIER = shp5238.FlowerAppUITests;
				PRODUCT_NAME = "$(TARGET_NAME)";
				SWIFT_EMIT_LOC_STRINGS = NO;
				SWIFT_VERSION = 5.0;
				TARGETED_DEVICE_FAMILY = "1,2";
				TEST_TARGET_NAME = FlowerApp;
			};
			name = Release;
		};
/* End XCBuildConfiguration section */

/* Begin XCConfigurationList section */
		35239EBF2DF8EB5D0095472F /* Build configuration list for PBXProject "FlowerApp" */ = {
			isa = XCConfigurationList;
			buildConfigurations = (
				35239EE32DF8EB600095472F /* Debug */,
				35239EE42DF8EB600095472F /* Release */,
			);
			defaultConfigurationIsVisible = 0;
			defaultConfigurationName = Release;
		};
		35239EE52DF8EB600095472F /* Build configuration list for PBXNativeTarget "FlowerApp" */ = {
			isa = XCConfigurationList;
			buildConfigurations = (
				35239EE62DF8EB600095472F /* Debug */,
				35239EE72DF8EB600095472F /* Release */,
			);
			defaultConfigurationIsVisible = 0;
			defaultConfigurationName = Release;
		};
		35239EE82DF8EB600095472F /* Build configuration list for PBXNativeTarget "FlowerAppTests" */ = {
			isa = XCConfigurationList;
			buildConfigurations = (
				35239EE92DF8EB600095472F /* Debug */,
				35239EEA2DF8EB600095472F /* Release */,
			);
			defaultConfigurationIsVisible = 0;
			defaultConfigurationName = Release;
		};
		35239EEB2DF8EB600095472F /* Build configuration list for PBXNativeTarget "FlowerAppUITests" */ = {
			isa = XCConfigurationList;
			buildConfigurations = (
				35239EEC2DF8EB600095472F /* Debug */,
				35239EED2DF8EB600095472F /* Release */,
			);
			defaultConfigurationIsVisible = 0;
			defaultConfigurationName = Release;
		};
/* End XCConfigurationList section */

/* Begin XCRemoteSwiftPackageReference section */
		35239EF92DF900DF0095472F /* XCRemoteSwiftPackageReference "firebase-ios-sdk" */ = {
			isa = XCRemoteSwiftPackageReference;
			repositoryURL = "https://github.com/firebase/firebase-ios-sdk";
			requirement = {
				kind = upToNextMajorVersion;
				minimumVersion = 11.14.0;
			};
		};
/* End XCRemoteSwiftPackageReference section */

/* Begin XCSwiftPackageProductDependency section */
		35239EFA2DF900DF0095472F /* FirebaseAuth */ = {
			isa = XCSwiftPackageProductDependency;
			package = 35239EF92DF900DF0095472F /* XCRemoteSwiftPackageReference "firebase-ios-sdk" */;
			productName = FirebaseAuth;
		};
		35239EFC2DF900DF0095472F /* FirebaseFirestore */ = {
			isa = XCSwiftPackageProductDependency;
			package = 35239EF92DF900DF0095472F /* XCRemoteSwiftPackageReference "firebase-ios-sdk" */;
			productName = FirebaseFirestore;
		};
/* End XCSwiftPackageProductDependency section */
	};
	rootObject = 35239EBC2DF8EB5D0095472F /* Project object */;
}
